
Microsoft Visual Studio Solution File, Format Version 12.00
# Visual Studio 2013
VisualStudioVersion = 12.0.30501.0
MinimumVisualStudioVersion = 10.0.40219.1
Project("{FAE04EC0-301F-11D3-BF4B-00C04F79EFBC}") = "AndysPlayground", "AndysPlayground\AndysPlayground.csproj", "{B474355D-8F8F-411B-A062-30002AA17B71}"
EndProject
Project("{FAE04EC0-301F-11D3-BF4B-00C04F79EFBC}") = "Hi.UrlRewrite", "Hi.UrlRewrite\Hi.UrlRewrite.csproj", "{6AF4A433-0D10-4B1F-8517-7A1F05EF5AB5}"
EndProject
Project("{2150E333-8FDC-42A3-9474-1A3956D46DE8}") = "Package", "Package", "{E5865C46-58B9-4B41-9762-579DBE7F0008}"
	ProjectSection(SolutionItems) = preProject
		Package\Url Rewrite-1.0.zip = Package\Url Rewrite-1.0.zip
	EndProjectSection
EndProject
Global
	GlobalSection(SolutionConfigurationPlatforms) = preSolution
		Debug|Any CPU = Debug|Any CPU
		Release|Any CPU = Release|Any CPU
	EndGlobalSection
	GlobalSection(ProjectConfigurationPlatforms) = postSolution
		{B474355D-8F8F-411B-A062-30002AA17B71}.Debug|Any CPU.ActiveCfg = Debug|Any CPU
		{B474355D-8F8F-411B-A062-30002AA17B71}.Debug|Any CPU.Build.0 = Debug|Any CPU
		{B474355D-8F8F-411B-A062-30002AA17B71}.Release|Any CPU.ActiveCfg = Release|Any CPU
		{B474355D-8F8F-411B-A062-30002AA17B71}.Release|Any CPU.Build.0 = Release|Any CPU
		{6AF4A433-0D10-4B1F-8517-7A1F05EF5AB5}.Debug|Any CPU.ActiveCfg = Debug|Any CPU
		{6AF4A433-0D10-4B1F-8517-7A1F05EF5AB5}.Debug|Any CPU.Build.0 = Debug|Any CPU
		{6AF4A433-0D10-4B1F-8517-7A1F05EF5AB5}.Release|Any CPU.ActiveCfg = Release|Any CPU
		{6AF4A433-0D10-4B1F-8517-7A1F05EF5AB5}.Release|Any CPU.Build.0 = Release|Any CPU
	EndGlobalSection
	GlobalSection(SolutionProperties) = preSolution
		HideSolutionNode = FALSE
	EndGlobalSection
EndGlobal
